{
  "requires": true,
  "lockfileVersion": 1,
  "dependencies": {
    "react-native-jewish-calendar": {
      "version": "2.1.3",
      "resolved": "https://registry.npmjs.org/react-native-jewish-calendar/-/react-native-jewish-calendar-2.1.3.tgz",
      "integrity": "sha512-z4bdxuD2owpDhpnfF9Xhb6tz66bV69AxXbG4SuSzYXMIsh1+C1upfZBrk1fOFfL4E8BAY6KtCaMjFNl7kTOZ9g=="
    }
  }
}
